// !$*UTF8*$!
{
	archiveVersion = 1;
	classes = {
	};
	objectVersion = 46;
	objects = {

/* Begin PBXBuildFile section */
		CECC74671A9D1D49003D89BF /* AppDelegate.swift in Sources */ = {isa = PBXBuildFile; fileRef = CECC74661A9D1D49003D89BF /* AppDelegate.swift */; };
		CECC74691A9D1D49003D89BF /* ViewController.swift in Sources */ = {isa = PBXBuildFile; fileRef = CECC74681A9D1D49003D89BF /* ViewController.swift */; };
		CECC746C1A9D1D49003D89BF /* Main.storyboard in Resources */ = {isa = PBXBuildFile; fileRef = CECC746A1A9D1D49003D89BF /* Main.storyboard */; };
		CECC746E1A9D1D49003D89BF /* Images.xcassets in Resources */ = {isa = PBXBuildFile; fileRef = CECC746D1A9D1D49003D89BF /* Images.xcassets */; };
		CECC74711A9D1D49003D89BF /* LaunchScreen.xib in Resources */ = {isa = PBXBuildFile; fileRef = CECC746F1A9D1D49003D89BF /* LaunchScreen.xib */; };
		CECC747D1A9D1D4A003D89BF /* WatchMePizzaTests.swift in Sources */ = {isa = PBXBuildFile; fileRef = CECC747C1A9D1D4A003D89BF /* WatchMePizzaTests.swift */; };
		CECC748F1A9D1D70003D89BF /* InterfaceController.swift in Sources */ = {isa = PBXBuildFile; fileRef = CECC748E1A9D1D70003D89BF /* InterfaceController.swift */; };
		CECC74911A9D1D70003D89BF /* Images.xcassets in Resources */ = {isa = PBXBuildFile; fileRef = CECC74901A9D1D70003D89BF /* Images.xcassets */; };
		CECC74951A9D1D70003D89BF /* WatchMePizza WatchKit App.app in Resources */ = {isa = PBXBuildFile; fileRef = CECC74941A9D1D70003D89BF /* WatchMePizza WatchKit App.app */; };
		CECC749D1A9D1D70003D89BF /* Interface.storyboard in Resources */ = {isa = PBXBuildFile; fileRef = CECC749B1A9D1D70003D89BF /* Interface.storyboard */; };
		CECC749F1A9D1D70003D89BF /* Images.xcassets in Resources */ = {isa = PBXBuildFile; fileRef = CECC749E1A9D1D70003D89BF /* Images.xcassets */; };
		CECC74A21A9D1D70003D89BF /* WatchMePizza WatchKit Extension.appex in Embed App Extensions */ = {isa = PBXBuildFile; fileRef = CECC748A1A9D1D70003D89BF /* WatchMePizza WatchKit Extension.appex */; settings = {ATTRIBUTES = (RemoveHeadersOnCopy, ); }; };
		CECC74AB1A9F8070003D89BF /* CoreLocationController.swift in Sources */ = {isa = PBXBuildFile; fileRef = CECC74AA1A9F8070003D89BF /* CoreLocationController.swift */; };
/* End PBXBuildFile section */

/* Begin PBXContainerItemProxy section */
		CECC74771A9D1D4A003D89BF /* PBXContainerItemProxy */ = {
			isa = PBXContainerItemProxy;
			containerPortal = CECC74591A9D1D49003D89BF /* Project object */;
			proxyType = 1;
			remoteGlobalIDString = CECC74601A9D1D49003D89BF;
			remoteInfo = WatchMePizza;
		};
		CECC74961A9D1D70003D89BF /* PBXContainerItemProxy */ = {
			isa = PBXContainerItemProxy;
			containerPortal = CECC74591A9D1D49003D89BF /* Project object */;
			proxyType = 1;
			remoteGlobalIDString = CECC74931A9D1D70003D89BF;
			remoteInfo = "WatchMePizza WatchKit App";
		};
		CECC74A01A9D1D70003D89BF /* PBXContainerItemProxy */ = {
			isa = PBXContainerItemProxy;
			containerPortal = CECC74591A9D1D49003D89BF /* Project object */;
			proxyType = 1;
			remoteGlobalIDString = CECC74891A9D1D70003D89BF;
			remoteInfo = "WatchMePizza WatchKit Extension";
		};
/* End PBXContainerItemProxy section */

/* Begin PBXCopyFilesBuildPhase section */
		CECC74A91A9D1D71003D89BF /* Embed App Extensions */ = {
			isa = PBXCopyFilesBuildPhase;
			buildActionMask = 2147483647;
			dstPath = "";
			dstSubfolderSpec = 13;
			files = (
				CECC74A21A9D1D70003D89BF /* WatchMePizza WatchKit Extension.appex in Embed App Extensions */,
			);
			name = "Embed App Extensions";
			runOnlyForDeploymentPostprocessing = 0;
		};
/* End PBXCopyFilesBuildPhase section */

/* Begin PBXFileReference section */
		CECC74611A9D1D49003D89BF /* WatchMePizza.app */ = {isa = PBXFileReference; explicitFileType = wrapper.application; includeInIndex = 0; path = WatchMePizza.app; sourceTree = BUILT_PRODUCTS_DIR; };
		CECC74651A9D1D49003D89BF /* Info.plist */ = {isa = PBXFileReference; lastKnownFileType = text.plist.xml; path = Info.plist; sourceTree = "<group>"; };
		CECC74661A9D1D49003D89BF /* AppDelegate.swift */ = {isa = PBXFileReference; lastKnownFileType = sourcecode.swift; path = AppDelegate.swift; sourceTree = "<group>"; };
		CECC74681A9D1D49003D89BF /* ViewController.swift */ = {isa = PBXFileReference; lastKnownFileType = sourcecode.swift; path = ViewController.swift; sourceTree = "<group>"; };
		CECC746B1A9D1D49003D89BF /* Base */ = {isa = PBXFileReference; lastKnownFileType = file.storyboard; name = Base; path = Base.lproj/Main.storyboard; sourceTree = "<group>"; };
		CECC746D1A9D1D49003D89BF /* Images.xcassets */ = {isa = PBXFileReference; lastKnownFileType = folder.assetcatalog; path = Images.xcassets; sourceTree = "<group>"; };
		CECC74701A9D1D49003D89BF /* Base */ = {isa = PBXFileReference; lastKnownFileType = file.xib; name = Base; path = Base.lproj/LaunchScreen.xib; sourceTree = "<group>"; };
		CECC74761A9D1D4A003D89BF /* WatchMePizzaTests.xctest */ = {isa = PBXFileReference; explicitFileType = wrapper.cfbundle; includeInIndex = 0; path = WatchMePizzaTests.xctest; sourceTree = BUILT_PRODUCTS_DIR; };
		CECC747B1A9D1D4A003D89BF /* Info.plist */ = {isa = PBXFileReference; lastKnownFileType = text.plist.xml; path = Info.plist; sourceTree = "<group>"; };
		CECC747C1A9D1D4A003D89BF /* WatchMePizzaTests.swift */ = {isa = PBXFileReference; lastKnownFileType = sourcecode.swift; path = WatchMePizzaTests.swift; sourceTree = "<group>"; };
		CECC748A1A9D1D70003D89BF /* WatchMePizza WatchKit Extension.appex */ = {isa = PBXFileReference; explicitFileType = "wrapper.app-extension"; includeInIndex = 0; path = "WatchMePizza WatchKit Extension.appex"; sourceTree = BUILT_PRODUCTS_DIR; };
		CECC748D1A9D1D70003D89BF /* Info.plist */ = {isa = PBXFileReference; lastKnownFileType = text.plist.xml; path = Info.plist; sourceTree = "<group>"; };
		CECC748E1A9D1D70003D89BF /* InterfaceController.swift */ = {isa = PBXFileReference; lastKnownFileType = sourcecode.swift; path = InterfaceController.swift; sourceTree = "<group>"; };
		CECC74901A9D1D70003D89BF /* Images.xcassets */ = {isa = PBXFileReference; lastKnownFileType = folder.assetcatalog; path = Images.xcassets; sourceTree = "<group>"; };
		CECC74941A9D1D70003D89BF /* WatchMePizza WatchKit App.app */ = {isa = PBXFileReference; explicitFileType = wrapper.application; includeInIndex = 0; path = "WatchMePizza WatchKit App.app"; sourceTree = BUILT_PRODUCTS_DIR; };
		CECC749A1A9D1D70003D89BF /* Info.plist */ = {isa = PBXFileReference; lastKnownFileType = text.plist.xml; path = Info.plist; sourceTree = "<group>"; };
		CECC749C1A9D1D70003D89BF /* Base */ = {isa = PBXFileReference; lastKnownFileType = file.storyboard; name = Base; path = Base.lproj/Interface.storyboard; sourceTree = "<group>"; };
		CECC749E1A9D1D70003D89BF /* Images.xcassets */ = {isa = PBXFileReference; lastKnownFileType = folder.assetcatalog; path = Images.xcassets; sourceTree = "<group>"; };
		CECC74AA1A9F8070003D89BF /* CoreLocationController.swift */ = {isa = PBXFileReference; fileEncoding = 4; lastKnownFileType = sourcecode.swift; path = CoreLocationController.swift; sourceTree = "<group>"; };
/* End PBXFileReference section */

/* Begin PBXFrameworksBuildPhase section */
		CECC745E1A9D1D49003D89BF /* Frameworks */ = {
			isa = PBXFrameworksBuildPhase;
			buildActionMask = 2147483647;
			files = (
			);
			runOnlyForDeploymentPostprocessing = 0;
		};
		CECC74731A9D1D4A003D89BF /* Frameworks */ = {
			isa = PBXFrameworksBuildPhase;
			buildActionMask = 2147483647;
			files = (
			);
			runOnlyForDeploymentPostprocessing = 0;
		};
		CECC74871A9D1D70003D89BF /* Frameworks */ = {
			isa = PBXFrameworksBuildPhase;
			buildActionMask = 2147483647;
			files = (
			);
			runOnlyForDeploymentPostprocessing = 0;
		};
/* End PBXFrameworksBuildPhase section */

/* Begin PBXGroup section */
		CECC74581A9D1D49003D89BF = {
			isa = PBXGroup;
			children = (
				CECC74631A9D1D49003D89BF /* WatchMePizza */,
				CECC74791A9D1D4A003D89BF /* WatchMePizzaTests */,
				CECC748B1A9D1D70003D89BF /* WatchMePizza WatchKit Extension */,
				CECC74981A9D1D70003D89BF /* WatchMePizza WatchKit App */,
				CECC74621A9D1D49003D89BF /* Products */,
			);
			sourceTree = "<group>";
		};
		CECC74621A9D1D49003D89BF /* Products */ = {
			isa = PBXGroup;
			children = (
				CECC74611A9D1D49003D89BF /* WatchMePizza.app */,
				CECC74761A9D1D4A003D89BF /* WatchMePizzaTests.xctest */,
				CECC748A1A9D1D70003D89BF /* WatchMePizza WatchKit Extension.appex */,
				CECC74941A9D1D70003D89BF /* WatchMePizza WatchKit App.app */,
			);
			name = Products;
			sourceTree = "<group>";
		};
		CECC74631A9D1D49003D89BF /* WatchMePizza */ = {
			isa = PBXGroup;
			children = (
				CECC74661A9D1D49003D89BF /* AppDelegate.swift */,
				CECC74681A9D1D49003D89BF /* ViewController.swift */,
				CECC74AA1A9F8070003D89BF /* CoreLocationController.swift */,
				CECC746A1A9D1D49003D89BF /* Main.storyboard */,
				CECC746D1A9D1D49003D89BF /* Images.xcassets */,
				CECC746F1A9D1D49003D89BF /* LaunchScreen.xib */,
				CECC74641A9D1D49003D89BF /* Supporting Files */,
			);
			path = WatchMePizza;
			sourceTree = "<group>";
		};
		CECC74641A9D1D49003D89BF /* Supporting Files */ = {
			isa = PBXGroup;
			children = (
				CECC74651A9D1D49003D89BF /* Info.plist */,
			);
			name = "Supporting Files";
			sourceTree = "<group>";
		};
		CECC74791A9D1D4A003D89BF /* WatchMePizzaTests */ = {
			isa = PBXGroup;
			children = (
				CECC747C1A9D1D4A003D89BF /* WatchMePizzaTests.swift */,
				CECC747A1A9D1D4A003D89BF /* Supporting Files */,
			);
			path = WatchMePizzaTests;
			sourceTree = "<group>";
		};
		CECC747A1A9D1D4A003D89BF /* Supporting Files */ = {
			isa = PBXGroup;
			children = (
				CECC747B1A9D1D4A003D89BF /* Info.plist */,
			);
			name = "Supporting Files";
			sourceTree = "<group>";
		};
		CECC748B1A9D1D70003D89BF /* WatchMePizza WatchKit Extension */ = {
			isa = PBXGroup;
			children = (
				CECC748E1A9D1D70003D89BF /* InterfaceController.swift */,
				CECC74901A9D1D70003D89BF /* Images.xcassets */,
				CECC748C1A9D1D70003D89BF /* Supporting Files */,
			);
			path = "WatchMePizza WatchKit Extension";
			sourceTree = "<group>";
		};
		CECC748C1A9D1D70003D89BF /* Supporting Files */ = {
			isa = PBXGroup;
			children = (
				CECC748D1A9D1D70003D89BF /* Info.plist */,
			);
			name = "Supporting Files";
			sourceTree = "<group>";
		};
		CECC74981A9D1D70003D89BF /* WatchMePizza WatchKit App */ = {
			isa = PBXGroup;
			children = (
				CECC749B1A9D1D70003D89BF /* Interface.storyboard */,
				CECC749E1A9D1D70003D89BF /* Images.xcassets */,
				CECC74991A9D1D70003D89BF /* Supporting Files */,
			);
			path = "WatchMePizza WatchKit App";
			sourceTree = "<group>";
		};
		CECC74991A9D1D70003D89BF /* Supporting Files */ = {
			isa = PBXGroup;
			children = (
				CECC749A1A9D1D70003D89BF /* Info.plist */,
			);
			name = "Supporting Files";
			sourceTree = "<group>";
		};
/* End PBXGroup section */

/* Begin PBXNativeTarget section */
		CECC74601A9D1D49003D89BF /* WatchMePizza */ = {
			isa = PBXNativeTarget;
			buildConfigurationList = CECC74801A9D1D4A003D89BF /* Build configuration list for PBXNativeTarget "WatchMePizza" */;
			buildPhases = (
				CECC745D1A9D1D49003D89BF /* Sources */,
				CECC745E1A9D1D49003D89BF /* Frameworks */,
				CECC745F1A9D1D49003D89BF /* Resources */,
				CECC74A91A9D1D71003D89BF /* Embed App Extensions */,
			);
			buildRules = (
			);
			dependencies = (
				CECC74A11A9D1D70003D89BF /* PBXTargetDependency */,
			);
			name = WatchMePizza;
			productName = WatchMePizza;
			productReference = CECC74611A9D1D49003D89BF /* WatchMePizza.app */;
			productType = "com.apple.product-type.application";
		};
		CECC74751A9D1D4A003D89BF /* WatchMePizzaTests */ = {
			isa = PBXNativeTarget;
			buildConfigurationList = CECC74831A9D1D4A003D89BF /* Build configuration list for PBXNativeTarget "WatchMePizzaTests" */;
			buildPhases = (
				CECC74721A9D1D4A003D89BF /* Sources */,
				CECC74731A9D1D4A003D89BF /* Frameworks */,
				CECC74741A9D1D4A003D89BF /* Resources */,
			);
			buildRules = (
			);
			dependencies = (
				CECC74781A9D1D4A003D89BF /* PBXTargetDependency */,
			);
			name = WatchMePizzaTests;
			productName = WatchMePizzaTests;
			productReference = CECC74761A9D1D4A003D89BF /* WatchMePizzaTests.xctest */;
			productType = "com.apple.product-type.bundle.unit-test";
		};
		CECC74891A9D1D70003D89BF /* WatchMePizza WatchKit Extension */ = {
			isa = PBXNativeTarget;
			buildConfigurationList = CECC74A61A9D1D71003D89BF /* Build configuration list for PBXNativeTarget "WatchMePizza WatchKit Extension" */;
			buildPhases = (
				CECC74861A9D1D70003D89BF /* Sources */,
				CECC74871A9D1D70003D89BF /* Frameworks */,
				CECC74881A9D1D70003D89BF /* Resources */,
			);
			buildRules = (
			);
			dependencies = (
				CECC74971A9D1D70003D89BF /* PBXTargetDependency */,
			);
			name = "WatchMePizza WatchKit Extension";
			productName = "WatchMePizza WatchKit Extension";
			productReference = CECC748A1A9D1D70003D89BF /* WatchMePizza WatchKit Extension.appex */;
			productType = "com.apple.product-type.watchkit-extension";
		};
		CECC74931A9D1D70003D89BF /* WatchMePizza WatchKit App */ = {
			isa = PBXNativeTarget;
			buildConfigurationList = CECC74A31A9D1D71003D89BF /* Build configuration list for PBXNativeTarget "WatchMePizza WatchKit App" */;
			buildPhases = (
				CECC74921A9D1D70003D89BF /* Resources */,
			);
			buildRules = (
			);
			dependencies = (
			);
			name = "WatchMePizza WatchKit App";
			productName = "WatchMePizza WatchKit App";
			productReference = CECC74941A9D1D70003D89BF /* WatchMePizza WatchKit App.app */;
			productType = "com.apple.product-type.application.watchapp";
		};
/* End PBXNativeTarget section */

/* Begin PBXProject section */
		CECC74591A9D1D49003D89BF /* Project object */ = {
			isa = PBXProject;
			attributes = {
				LastUpgradeCheck = 0620;
				ORGANIZATIONNAME = "Vinny Fiore Apps";
				TargetAttributes = {
					CECC74601A9D1D49003D89BF = {
						CreatedOnToolsVersion = 6.2;
					};
					CECC74751A9D1D4A003D89BF = {
						CreatedOnToolsVersion = 6.2;
						TestTargetID = CECC74601A9D1D49003D89BF;
					};
					CECC74891A9D1D70003D89BF = {
						CreatedOnToolsVersion = 6.2;
					};
					CECC74931A9D1D70003D89BF = {
						CreatedOnToolsVersion = 6.2;
					};
				};
			};
			buildConfigurationList = CECC745C1A9D1D49003D89BF /* Build configuration list for PBXProject "WatchMePizza" */;
			compatibilityVersion = "Xcode 3.2";
			developmentRegion = English;
			hasScannedForEncodings = 0;
			knownRegions = (
				en,
				Base,
			);
			mainGroup = CECC74581A9D1D49003D89BF;
			productRefGroup = CECC74621A9D1D49003D89BF /* Products */;
			projectDirPath = "";
			projectRoot = "";
			targets = (
				CECC74601A9D1D49003D89BF /* WatchMePizza */,
				CECC74751A9D1D4A003D89BF /* WatchMePizzaTests */,
				CECC74891A9D1D70003D89BF /* WatchMePizza WatchKit Extension */,
				CECC74931A9D1D70003D89BF /* WatchMePizza WatchKit App */,
			);
		};
/* End PBXProject section */

/* Begin PBXResourcesBuildPhase section */
		CECC745F1A9D1D49003D89BF /* Resources */ = {
			isa = PBXResourcesBuildPhase;
			buildActionMask = 2147483647;
			files = (
				CECC746C1A9D1D49003D89BF /* Main.storyboard in Resources */,
				CECC74711A9D1D49003D89BF /* LaunchScreen.xib in Resources */,
				CECC746E1A9D1D49003D89BF /* Images.xcassets in Resources */,
			);
			runOnlyForDeploymentPostprocessing = 0;
		};
		CECC74741A9D1D4A003D89BF /* Resources */ = {
			isa = PBXResourcesBuildPhase;
			buildActionMask = 2147483647;
			files = (
			);
			runOnlyForDeploymentPostprocessing = 0;
		};
		CECC74881A9D1D70003D89BF /* Resources */ = {
			isa = PBXResourcesBuildPhase;
			buildActionMask = 2147483647;
			files = (
				CECC74911A9D1D70003D89BF /* Images.xcassets in Resources */,
				CECC74951A9D1D70003D89BF /* WatchMePizza WatchKit App.app in Resources */,
			);
			runOnlyForDeploymentPostprocessing = 0;
		};
		CECC74921A9D1D70003D89BF /* Resources */ = {
			isa = PBXResourcesBuildPhase;
			buildActionMask = 2147483647;
			files = (
				CECC749D1A9D1D70003D89BF /* Interface.storyboard in Resources */,
				CECC749F1A9D1D70003D89BF /* Images.xcassets in Resources */,
			);
			runOnlyForDeploymentPostprocessing = 0;
		};
/* End PBXResourcesBuildPhase section */

/* Begin PBXSourcesBuildPhase section */
		CECC745D1A9D1D49003D89BF /* Sources */ = {
			isa = PBXSourcesBuildPhase;
			buildActionMask = 2147483647;
			files = (
				CECC74AB1A9F8070003D89BF /* CoreLocationController.swift in Sources */,
				CECC74691A9D1D49003D89BF /* ViewController.swift in Sources */,
				CECC74671A9D1D49003D89BF /* AppDelegate.swift in Sources */,
			);
			runOnlyForDeploymentPostprocessing = 0;
		};
		CECC74721A9D1D4A003D89BF /* Sources */ = {
			isa = PBXSourcesBuildPhase;
			buildActionMask = 2147483647;
			files = (
				CECC747D1A9D1D4A003D89BF /* WatchMePizzaTests.swift in Sources */,
			);
			runOnlyForDeploymentPostprocessing = 0;
		};
		CECC74861A9D1D70003D89BF /* Sources */ = {
			isa = PBXSourcesBuildPhase;
			buildActionMask = 2147483647;
			files = (
				CECC748F1A9D1D70003D89BF /* InterfaceController.swift in Sources */,
			);
			runOnlyForDeploymentPostprocessing = 0;
		};
/* End PBXSourcesBuildPhase section */

/* Begin PBXTargetDependency section */
		CECC74781A9D1D4A003D89BF /* PBXTargetDependency */ = {
			isa = PBXTargetDependency;
			target = CECC74601A9D1D49003D89BF /* WatchMePizza */;
			targetProxy = CECC74771A9D1D4A003D89BF /* PBXContainerItemProxy */;
		};
		CECC74971A9D1D70003D89BF /* PBXTargetDependency */ = {
			isa = PBXTargetDependency;
			target = CECC74931A9D1D70003D89BF /* WatchMePizza WatchKit App */;
			targetProxy = CECC74961A9D1D70003D89BF /* PBXContainerItemProxy */;
		};
		CECC74A11A9D1D70003D89BF /* PBXTargetDependency */ = {
			isa = PBXTargetDependency;
			target = CECC74891A9D1D70003D89BF /* WatchMePizza WatchKit Extension */;
			targetProxy = CECC74A01A9D1D70003D89BF /* PBXContainerItemProxy */;
		};
/* End PBXTargetDependency section */

/* Begin PBXVariantGroup section */
		CECC746A1A9D1D49003D89BF /* Main.storyboard */ = {
			isa = PBXVariantGroup;
			children = (
				CECC746B1A9D1D49003D89BF /* Base */,
			);
			name = Main.storyboard;
			sourceTree = "<group>";
		};
		CECC746F1A9D1D49003D89BF /* LaunchScreen.xib */ = {
			isa = PBXVariantGroup;
			children = (
				CECC74701A9D1D49003D89BF /* Base */,
			);
			name = LaunchScreen.xib;
			sourceTree = "<group>";
		};
		CECC749B1A9D1D70003D89BF /* Interface.storyboard */ = {
			isa = PBXVariantGroup;
			children = (
				CECC749C1A9D1D70003D89BF /* Base */,
			);
			name = Interface.storyboard;
			sourceTree = "<group>";
		};
/* End PBXVariantGroup section */

/* Begin XCBuildConfiguration section */
		CECC747E1A9D1D4A003D89BF /* Debug */ = {
			isa = XCBuildConfiguration;
			buildSettings = {
				ALWAYS_SEARCH_USER_PATHS = NO;
				CLANG_CXX_LANGUAGE_STANDARD = "gnu++0x";
				CLANG_CXX_LIBRARY = "libc++";
				CLANG_ENABLE_MODULES = YES;
				CLANG_ENABLE_OBJC_ARC = YES;
				CLANG_WARN_BOOL_CONVERSION = YES;
				CLANG_WARN_CONSTANT_CONVERSION = YES;
				CLANG_WARN_DIRECT_OBJC_ISA_USAGE = YES_ERROR;
				CLANG_WARN_EMPTY_BODY = YES;
				CLANG_WARN_ENUM_CONVERSION = YES;
				CLANG_WARN_INT_CONVERSION = YES;
				CLANG_WARN_OBJC_ROOT_CLASS = YES_ERROR;
				CLANG_WARN_UNREACHABLE_CODE = YES;
				CLANG_WARN__DUPLICATE_METHOD_MATCH = YES;
				"CODE_SIGN_IDENTITY[sdk=iphoneos*]" = "iPhone Developer";
				COPY_PHASE_STRIP = NO;
				ENABLE_STRICT_OBJC_MSGSEND = YES;
				GCC_C_LANGUAGE_STANDARD = gnu99;
				GCC_DYNAMIC_NO_PIC = NO;
				GCC_OPTIMIZATION_LEVEL = 0;
				GCC_PREPROCESSOR_DEFINITIONS = (
					"DEBUG=1",
					"$(inherited)",
				);
				GCC_SYMBOLS_PRIVATE_EXTERN = NO;
				GCC_WARN_64_TO_32_BIT_CONVERSION = YES;
				GCC_WARN_ABOUT_RETURN_TYPE = YES_ERROR;
				GCC_WARN_UNDECLARED_SELECTOR = YES;
				GCC_WARN_UNINITIALIZED_AUTOS = YES_AGGRESSIVE;
				GCC_WARN_UNUSED_FUNCTION = YES;
				GCC_WARN_UNUSED_VARIABLE = YES;
				IPHONEOS_DEPLOYMENT_TARGET = 8.2;
				MTL_ENABLE_DEBUG_INFO = YES;
				ONLY_ACTIVE_ARCH = YES;
				SDKROOT = iphoneos;
				SWIFT_OPTIMIZATION_LEVEL = "-Onone";
			};
			name = Debug;
		};
		CECC747F1A9D1D4A003D89BF /* Release */ = {
			isa = XCBuildConfiguration;
			buildSettings = {
				ALWAYS_SEARCH_USER_PATHS = NO;
				CLANG_CXX_LANGUAGE_STANDARD = "gnu++0x";
				CLANG_CXX_LIBRARY = "libc++";
				CLANG_ENABLE_MODULES = YES;
				CLANG_ENABLE_OBJC_ARC = YES;
				CLANG_WARN_BOOL_CONVERSION = YES;
				CLANG_WARN_CONSTANT_CONVERSION = YES;
				CLANG_WARN_DIRECT_OBJC_ISA_USAGE = YES_ERROR;
				CLANG_WARN_EMPTY_BODY = YES;
				CLANG_WARN_ENUM_CONVERSION = YES;
				CLANG_WARN_INT_CONVERSION = YES;
				CLANG_WARN_OBJC_ROOT_CLASS = YES_ERROR;
				CLANG_WARN_UNREACHABLE_CODE = YES;
				CLANG_WARN__DUPLICATE_METHOD_MATCH = YES;
				"CODE_SIGN_IDENTITY[sdk=iphoneos*]" = "iPhone Developer";
				COPY_PHASE_STRIP = NO;
				ENABLE_NS_ASSERTIONS = NO;
				ENABLE_STRICT_OBJC_MSGSEND = YES;
				GCC_C_LANGUAGE_STANDARD = gnu99;
				GCC_WARN_64_TO_32_BIT_CONVERSION = YES;
				GCC_WARN_ABOUT_RETURN_TYPE = YES_ERROR;
				GCC_WARN_UNDECLARED_SELECTOR = YES;
				GCC_WARN_UNINITIALIZED_AUTOS = YES_AGGRESSIVE;
				GCC_WARN_UNUSED_FUNCTION = YES;
				GCC_WARN_UNUSED_VARIABLE = YES;
				IPHONEOS_DEPLOYMENT_TARGET = 8.2;
				MTL_ENABLE_DEBUG_INFO = NO;
				SDKROOT = iphoneos;
				VALIDATE_PRODUCT = YES;
			};
			name = Release;
		};
		CECC74811A9D1D4A003D89BF /* Debug */ = {
			isa = XCBuildConfiguration;
			buildSettings = {
				ASSETCATALOG_COMPILER_APPICON_NAME = AppIcon;
				CODE_SIGN_IDENTITY = "iPhone Developer";
				EMBEDDED_CONTENT_CONTAINS_SWIFT = YES;
				INFOPLIST_FILE = WatchMePizza/Info.plist;
				LD_RUNPATH_SEARCH_PATHS = "$(inherited) @executable_path/Frameworks";
				PRODUCT_NAME = "$(TARGET_NAME)";
			};
			name = Debug;
		};
		CECC74821A9D1D4A003D89BF /* Release */ = {
			isa = XCBuildConfiguration;
			buildSettings = {
				ASSETCATALOG_COMPILER_APPICON_NAME = AppIcon;
				CODE_SIGN_IDENTITY = "iPhone Developer";
				EMBEDDED_CONTENT_CONTAINS_SWIFT = YES;
				INFOPLIST_FILE = WatchMePizza/Info.plist;
				LD_RUNPATH_SEARCH_PATHS = "$(inherited) @executable_path/Frameworks";
				PRODUCT_NAME = "$(TARGET_NAME)";
			};
			name = Release;
		};
		CECC74841A9D1D4A003D89BF /* Debug */ = {
			isa = XCBuildConfiguration;
			buildSettings = {
				BUNDLE_LOADER = "$(TEST_HOST)";
				FRAMEWORK_SEARCH_PATHS = (
					"$(SDKROOT)/Developer/Library/Frameworks",
					"$(inherited)",
				);
				GCC_PREPROCESSOR_DEFINITIONS = (
					"DEBUG=1",
					"$(inherited)",
				);
				INFOPLIST_FILE = WatchMePizzaTests/Info.plist;
				LD_RUNPATH_SEARCH_PATHS = "$(inherited) @executable_path/Frameworks @loader_path/Frameworks";
				PRODUCT_NAME = "$(TARGET_NAME)";
				TEST_HOST = "$(BUILT_PRODUCTS_DIR)/WatchMePizza.app/WatchMePizza";
			};
			name = Debug;
		};
		CECC74851A9D1D4A003D89BF /* Release */ = {
			isa = XCBuildConfiguration;
			buildSettings = {
				BUNDLE_LOADER = "$(TEST_HOST)";
				FRAMEWORK_SEARCH_PATHS = (
					"$(SDKROOT)/Developer/Library/Frameworks",
					"$(inherited)",
				);
				INFOPLIST_FILE = WatchMePizzaTests/Info.plist;
				LD_RUNPATH_SEARCH_PATHS = "$(inherited) @executable_path/Frameworks @loader_path/Frameworks";
				PRODUCT_NAME = "$(TARGET_NAME)";
				TEST_HOST = "$(BUILT_PRODUCTS_DIR)/WatchMePizza.app/WatchMePizza";
			};
			name = Release;
		};
		CECC74A41A9D1D71003D89BF /* Debug */ = {
			isa = XCBuildConfiguration;
			buildSettings = {
				ASSETCATALOG_COMPILER_APPICON_NAME = AppIcon;
				GCC_PREPROCESSOR_DEFINITIONS = (
					"DEBUG=1",
					"$(inherited)",
				);
				IBSC_MODULE = WatchMePizza_WatchKit_Extension;
				INFOPLIST_FILE = "WatchMePizza WatchKit App/Info.plist";
				PRODUCT_NAME = "$(TARGET_NAME)";
				SKIP_INSTALL = YES;
				TARGETED_DEVICE_FAMILY = 4;
				"TARGETED_DEVICE_FAMILY[sdk=iphonesimulator*]" = "1,4";
			};
			name = Debug;
		};
		CECC74A51A9D1D71003D89BF /* Release */ = {
			isa = XCBuildConfiguration;
			buildSettings = {
				ASSETCATALOG_COMPILER_APPICON_NAME = AppIcon;
				IBSC_MODULE = WatchMePizza_WatchKit_Extension;
				INFOPLIST_FILE = "WatchMePizza WatchKit App/Info.plist";
				PRODUCT_NAME = "$(TARGET_NAME)";
				SKIP_INSTALL = YES;
				TARGETED_DEVICE_FAMILY = 4;
				"TARGETED_DEVICE_FAMILY[sdk=iphonesimulator*]" = "1,4";
			};
			name = Release;
		};
		CECC74A71A9D1D71003D89BF /* Debug */ = {
			isa = XCBuildConfiguration;
			buildSettings = {
				CODE_SIGN_IDENTITY = "iPhone Developer";
				GCC_PREPROCESSOR_DEFINITIONS = (
					"DEBUG=1",
					"$(inherited)",
				);
				INFOPLIST_FILE = "WatchMePizza WatchKit Extension/Info.plist";
				LD_RUNPATH_SEARCH_PATHS = "$(inherited) @executable_path/Frameworks @executable_path/../../Frameworks";
				PRODUCT_NAME = "${TARGET_NAME}";
				SKIP_INSTALL = YES;
			};
			name = Debug;
		};
		CECC74A81A9D1D71003D89BF /* Release */ = {
			isa = XCBuildConfiguration;
			buildSettings = {
				CODE_SIGN_IDENTITY = "iPhone Developer";
				INFOPLIST_FILE = "WatchMePizza WatchKit Extension/Info.plist";
				LD_RUNPATH_SEARCH_PATHS = "$(inherited) @executable_path/Frameworks @executable_path/../../Frameworks";
				PRODUCT_NAME = "${TARGET_NAME}";
				SKIP_INSTALL = YES;
			};
			name = Release;
		};
/* End XCBuildConfiguration section */

/* Begin XCConfigurationList section */
		CECC745C1A9D1D49003D89BF /* Build configuration list for PBXProject "WatchMePizza" */ = {
			isa = XCConfigurationList;
			buildConfigurations = (
				CECC747E1A9D1D4A003D89BF /* Debug */,
				CECC747F1A9D1D4A003D89BF /* Release */,
			);
			defaultConfigurationIsVisible = 0;
			defaultConfigurationName = Release;
		};
		CECC74801A9D1D4A003D89BF /* Build configuration list for PBXNativeTarget "WatchMePizza" */ = {
			isa = XCConfigurationList;
			buildConfigurations = (
				CECC74811A9D1D4A003D89BF /* Debug */,
				CECC74821A9D1D4A003D89BF /* Release */,
			);
			defaultConfigurationIsVisible = 0;
		};
		CECC74831A9D1D4A003D89BF /* Build configuration list for PBXNativeTarget "WatchMePizzaTests" */ = {
			isa = XCConfigurationList;
			buildConfigurations = (
				CECC74841A9D1D4A003D89BF /* Debug */,
				CECC74851A9D1D4A003D89BF /* Release */,
			);
			defaultConfigurationIsVisible = 0;
		};
		CECC74A31A9D1D71003D89BF /* Build configuration list for PBXNativeTarget "WatchMePizza WatchKit App" */ = {
			isa = XCConfigurationList;
			buildConfigurations = (
				CECC74A41A9D1D71003D89BF /* Debug */,
				CECC74A51A9D1D71003D89BF /* Release */,
			);
			defaultConfigurationIsVisible = 0;
		};
		CECC74A61A9D1D71003D89BF /* Build configuration list for PBXNativeTarget "WatchMePizza WatchKit Extension" */ = {
			isa = XCConfigurationList;
			buildConfigurations = (
				CECC74A71A9D1D71003D89BF /* Debug */,
				CECC74A81A9D1D71003D89BF /* Release */,
			);
			defaultConfigurationIsVisible = 0;
		};
/* End XCConfigurationList section */
	};
	rootObject = CECC74591A9D1D49003D89BF /* Project object */;
}
